
Microsoft Visual Studio Solution File, Format Version 12.00
# Visual Studio Version 17
VisualStudioVersion = 17.8.34525.116
MinimumVisualStudioVersion = 10.0.40219.1
Project("{FAE04EC0-301F-11D3-BF4B-00C04F79EFBC}") = "GitHubForms", "GitHubForms\GitHubForms.csproj", "{B82A159D-8083-4650-B363-EB3D4FF1AF00}"
EndProject
Global
	GlobalSection(SolutionConfigurationPlatforms) = preSolution
		Debug|Any CPU = Debug|Any CPU
		Release|Any CPU = Release|Any CPU
	EndGlobalSection
	GlobalSection(ProjectConfigurationPlatforms) = postSolution
		{B82A159D-8083-4650-B363-EB3D4FF1AF00}.Debug|Any CPU.ActiveCfg = Debug|Any CPU
		{B82A159D-8083-4650-B363-EB3D4FF1AF00}.Debug|Any CPU.Build.0 = Debug|Any CPU
		{B82A159D-8083-4650-B363-EB3D4FF1AF00}.Release|Any CPU.ActiveCfg = Release|Any CPU
		{B82A159D-8083-4650-B363-EB3D4FF1AF00}.Release|Any CPU.Build.0 = Release|Any CPU
	EndGlobalSection
	GlobalSection(SolutionProperties) = preSolution
		HideSolutionNode = FALSE
	EndGlobalSection
	GlobalSection(ExtensibilityGlobals) = postSolution
		SolutionGuid = {84D4C99D-F649-42D5-B55E-19505CDD1BBE}
	EndGlobalSection
EndGlobal
